{
  "originHash" : "4e56e67427f723ffc3ac5b05fa4c02c9c224c33109dc88d746baf60b6c8ebe0c",
  "pins" : [
    {
      "identity" : "defaults",
      "kind" : "remoteSourceControl",
      "location" : "https://github.com/sindresorhus/Defaults",
      "state" : {
        "revision" : "3efef5a28ebdbbe922d4a2049493733ed14475a6",
        "version" : "7.3.1"
      }
    },
    {
      "identity" : "launchatlogin",
      "kind" : "remoteSourceControl",
      "location" : "https://github.com/FuzzyIdeas/LaunchAtLogin",
      "state" : {
        "revision" : "b122d2d4c2e999eefe2cea2181a3b5b3da045a3d",
        "version" : "1.0.0"
      }
    }
  ],
  "version" : 3
}
